
Microsoft Visual Studio Solution File, Format Version 12.00
# Visual Studio Version 17
VisualStudioVersion = 17.7.34202.233
MinimumVisualStudioVersion = 10.0.40219.1
Project("{FAE04EC0-301F-11D3-BF4B-00C04F79EFBC}") = "Lab1", "Lab1\Lab1.csproj", "{C321662A-38B7-4505-B2C4-13C10CDDD871}"
EndProject
Global
	GlobalSection(SolutionConfigurationPlatforms) = preSolution
		Debug|Any CPU = Debug|Any CPU
		Release|Any CPU = Release|Any CPU
	EndGlobalSection
	GlobalSection(ProjectConfigurationPlatforms) = postSolution
		{C321662A-38B7-4505-B2C4-13C10CDDD871}.Debug|Any CPU.ActiveCfg = Debug|Any CPU
		{C321662A-38B7-4505-B2C4-13C10CDDD871}.Debug|Any CPU.Build.0 = Debug|Any CPU
		{C321662A-38B7-4505-B2C4-13C10CDDD871}.Release|Any CPU.ActiveCfg = Release|Any CPU
		{C321662A-38B7-4505-B2C4-13C10CDDD871}.Release|Any CPU.Build.0 = Release|Any CPU
	EndGlobalSection
	GlobalSection(SolutionProperties) = preSolution
		HideSolutionNode = FALSE
	EndGlobalSection
	GlobalSection(ExtensibilityGlobals) = postSolution
		SolutionGuid = {26EDCB46-42CB-44E7-9918-ECDA10F7E649}
	EndGlobalSection
EndGlobal
